
Microsoft Visual Studio Solution File, Format Version 12.00
# Visual Studio Version 17
VisualStudioVersion = 17.7.34009.444
MinimumVisualStudioVersion = 10.0.40219.1
Project("{F184B08F-C81C-45F6-A57F-5ABD9991F28F}") = "Dimalibot_activity4", "Dimalibot_activity4\Dimalibot_activity4.vbproj", "{B6BC5B8C-A7C1-409C-BA38-039FD1B210E0}"
EndProject
Global
	GlobalSection(SolutionConfigurationPlatforms) = preSolution
		Debug|Any CPU = Debug|Any CPU
		Release|Any CPU = Release|Any CPU
	EndGlobalSection
	GlobalSection(ProjectConfigurationPlatforms) = postSolution
		{B6BC5B8C-A7C1-409C-BA38-039FD1B210E0}.Debug|Any CPU.ActiveCfg = Debug|Any CPU
		{B6BC5B8C-A7C1-409C-BA38-039FD1B210E0}.Debug|Any CPU.Build.0 = Debug|Any CPU
		{B6BC5B8C-A7C1-409C-BA38-039FD1B210E0}.Release|Any CPU.ActiveCfg = Release|Any CPU
		{B6BC5B8C-A7C1-409C-BA38-039FD1B210E0}.Release|Any CPU.Build.0 = Release|Any CPU
	EndGlobalSection
	GlobalSection(SolutionProperties) = preSolution
		HideSolutionNode = FALSE
	EndGlobalSection
	GlobalSection(ExtensibilityGlobals) = postSolution
		SolutionGuid = {04C3DE0D-5173-40F1-B3A6-16C3B8D3CF4C}
	EndGlobalSection
EndGlobal
